// !$*UTF8*$!
{
	archiveVersion = 1;
	classes = {
	};
	objectVersion = 46;
	objects = {

/* Begin PBXBuildFile section */
		53C1CD7418E7E72E004B54DD /* Foundation.framework in Frameworks */ = {isa = PBXBuildFile; fileRef = 53C1CD7318E7E72E004B54DD /* Foundation.framework */; };
		53C1CD7618E7E72E004B54DD /* CoreGraphics.framework in Frameworks */ = {isa = PBXBuildFile; fileRef = 53C1CD7518E7E72E004B54DD /* CoreGraphics.framework */; };
		53C1CD7818E7E72E004B54DD /* UIKit.framework in Frameworks */ = {isa = PBXBuildFile; fileRef = 53C1CD7718E7E72E004B54DD /* UIKit.framework */; };
		53C1CD7E18E7E72E004B54DD /* InfoPlist.strings in Resources */ = {isa = PBXBuildFile; fileRef = 53C1CD7C18E7E72E004B54DD /* InfoPlist.strings */; };
		53C1CD8018E7E72E004B54DD /* main.m in Sources */ = {isa = PBXBuildFile; fileRef = 53C1CD7F18E7E72E004B54DD /* main.m */; };
		53C1CD8418E7E72E004B54DD /* REAppDelegate.m in Sources */ = {isa = PBXBuildFile; fileRef = 53C1CD8318E7E72E004B54DD /* REAppDelegate.m */; };
		53C1CD8718E7E72E004B54DD /* Main.storyboard in Resources */ = {isa = PBXBuildFile; fileRef = 53C1CD8518E7E72E004B54DD /* Main.storyboard */; };
		53C1CD8A18E7E72E004B54DD /* REViewController.m in Sources */ = {isa = PBXBuildFile; fileRef = 53C1CD8918E7E72E004B54DD /* REViewController.m */; };
		53C1CD8C18E7E72E004B54DD /* Images.xcassets in Resources */ = {isa = PBXBuildFile; fileRef = 53C1CD8B18E7E72E004B54DD /* Images.xcassets */; };
		53C1CD9318E7E72E004B54DD /* XCTest.framework in Frameworks */ = {isa = PBXBuildFile; fileRef = 53C1CD9218E7E72E004B54DD /* XCTest.framework */; };
		53C1CD9418E7E72E004B54DD /* Foundation.framework in Frameworks */ = {isa = PBXBuildFile; fileRef = 53C1CD7318E7E72E004B54DD /* Foundation.framework */; };
		53C1CD9518E7E72E004B54DD /* UIKit.framework in Frameworks */ = {isa = PBXBuildFile; fileRef = 53C1CD7718E7E72E004B54DD /* UIKit.framework */; };
		53C1CD9D18E7E72E004B54DD /* InfoPlist.strings in Resources */ = {isa = PBXBuildFile; fileRef = 53C1CD9B18E7E72E004B54DD /* InfoPlist.strings */; };
		53C1CD9F18E7E72E004B54DD /* RECocoaSassTests.m in Sources */ = {isa = PBXBuildFile; fileRef = 53C1CD9E18E7E72E004B54DD /* RECocoaSassTests.m */; };
		53C1CDF418E91D30004B54DD /* CSClass.m in Sources */ = {isa = PBXBuildFile; fileRef = 53C1CDF318E91D30004B54DD /* CSClass.m */; };
		53C1CDF718E91DC0004B54DD /* UILabel+RECocoaSass.m in Sources */ = {isa = PBXBuildFile; fileRef = 53C1CDF618E91DC0004B54DD /* UILabel+RECocoaSass.m */; };
/* End PBXBuildFile section */

/* Begin PBXContainerItemProxy section */
		53C1CD9618E7E72E004B54DD /* PBXContainerItemProxy */ = {
			isa = PBXContainerItemProxy;
			containerPortal = 53C1CD6818E7E72E004B54DD /* Project object */;
			proxyType = 1;
			remoteGlobalIDString = 53C1CD6F18E7E72E004B54DD;
			remoteInfo = RECocoaSass;
		};
/* End PBXContainerItemProxy section */

/* Begin PBXFileReference section */
		53C1CD7018E7E72E004B54DD /* RECocoaSass.app */ = {isa = PBXFileReference; explicitFileType = wrapper.application; includeInIndex = 0; path = RECocoaSass.app; sourceTree = BUILT_PRODUCTS_DIR; };
		53C1CD7318E7E72E004B54DD /* Foundation.framework */ = {isa = PBXFileReference; lastKnownFileType = wrapper.framework; name = Foundation.framework; path = System/Library/Frameworks/Foundation.framework; sourceTree = SDKROOT; };
		53C1CD7518E7E72E004B54DD /* CoreGraphics.framework */ = {isa = PBXFileReference; lastKnownFileType = wrapper.framework; name = CoreGraphics.framework; path = System/Library/Frameworks/CoreGraphics.framework; sourceTree = SDKROOT; };
		53C1CD7718E7E72E004B54DD /* UIKit.framework */ = {isa = PBXFileReference; lastKnownFileType = wrapper.framework; name = UIKit.framework; path = System/Library/Frameworks/UIKit.framework; sourceTree = SDKROOT; };
		53C1CD7B18E7E72E004B54DD /* RECocoaSass-Info.plist */ = {isa = PBXFileReference; lastKnownFileType = text.plist.xml; path = "RECocoaSass-Info.plist"; sourceTree = "<group>"; };
		53C1CD7D18E7E72E004B54DD /* en */ = {isa = PBXFileReference; lastKnownFileType = text.plist.strings; name = en; path = en.lproj/InfoPlist.strings; sourceTree = "<group>"; };
		53C1CD7F18E7E72E004B54DD /* main.m */ = {isa = PBXFileReference; lastKnownFileType = sourcecode.c.objc; path = main.m; sourceTree = "<group>"; };
		53C1CD8118E7E72E004B54DD /* RECocoaSass-Prefix.pch */ = {isa = PBXFileReference; lastKnownFileType = sourcecode.c.h; path = "RECocoaSass-Prefix.pch"; sourceTree = "<group>"; };
		53C1CD8218E7E72E004B54DD /* REAppDelegate.h */ = {isa = PBXFileReference; lastKnownFileType = sourcecode.c.h; path = REAppDelegate.h; sourceTree = "<group>"; };
		53C1CD8318E7E72E004B54DD /* REAppDelegate.m */ = {isa = PBXFileReference; lastKnownFileType = sourcecode.c.objc; path = REAppDelegate.m; sourceTree = "<group>"; };
		53C1CD8618E7E72E004B54DD /* Base */ = {isa = PBXFileReference; lastKnownFileType = file.storyboard; name = Base; path = Base.lproj/Main.storyboard; sourceTree = "<group>"; };
		53C1CD8818E7E72E004B54DD /* REViewController.h */ = {isa = PBXFileReference; lastKnownFileType = sourcecode.c.h; path = REViewController.h; sourceTree = "<group>"; };
		53C1CD8918E7E72E004B54DD /* REViewController.m */ = {isa = PBXFileReference; lastKnownFileType = sourcecode.c.objc; path = REViewController.m; sourceTree = "<group>"; };
		53C1CD8B18E7E72E004B54DD /* Images.xcassets */ = {isa = PBXFileReference; lastKnownFileType = folder.assetcatalog; path = Images.xcassets; sourceTree = "<group>"; };
		53C1CD9118E7E72E004B54DD /* RECocoaSassTests.xctest */ = {isa = PBXFileReference; explicitFileType = wrapper.cfbundle; includeInIndex = 0; path = RECocoaSassTests.xctest; sourceTree = BUILT_PRODUCTS_DIR; };
		53C1CD9218E7E72E004B54DD /* XCTest.framework */ = {isa = PBXFileReference; lastKnownFileType = wrapper.framework; name = XCTest.framework; path = Library/Frameworks/XCTest.framework; sourceTree = DEVELOPER_DIR; };
		53C1CD9A18E7E72E004B54DD /* RECocoaSassTests-Info.plist */ = {isa = PBXFileReference; lastKnownFileType = text.plist.xml; path = "RECocoaSassTests-Info.plist"; sourceTree = "<group>"; };
		53C1CD9C18E7E72E004B54DD /* en */ = {isa = PBXFileReference; lastKnownFileType = text.plist.strings; name = en; path = en.lproj/InfoPlist.strings; sourceTree = "<group>"; };
		53C1CD9E18E7E72E004B54DD /* RECocoaSassTests.m */ = {isa = PBXFileReference; lastKnownFileType = sourcecode.c.objc; path = RECocoaSassTests.m; sourceTree = "<group>"; };
		53C1CDF218E91D30004B54DD /* CSClass.h */ = {isa = PBXFileReference; fileEncoding = 4; lastKnownFileType = sourcecode.c.h; path = CSClass.h; sourceTree = "<group>"; };
		53C1CDF318E91D30004B54DD /* CSClass.m */ = {isa = PBXFileReference; fileEncoding = 4; lastKnownFileType = sourcecode.c.objc; path = CSClass.m; sourceTree = "<group>"; };
		53C1CDF518E91DC0004B54DD /* UILabel+RECocoaSass.h */ = {isa = PBXFileReference; fileEncoding = 4; lastKnownFileType = sourcecode.c.h; path = "UILabel+RECocoaSass.h"; sourceTree = "<group>"; };
		53C1CDF618E91DC0004B54DD /* UILabel+RECocoaSass.m */ = {isa = PBXFileReference; fileEncoding = 4; lastKnownFileType = sourcecode.c.objc; path = "UILabel+RECocoaSass.m"; sourceTree = "<group>"; };
/* End PBXFileReference section */

/* Begin PBXFrameworksBuildPhase section */
		53C1CD6D18E7E72E004B54DD /* Frameworks */ = {
			isa = PBXFrameworksBuildPhase;
			buildActionMask = 2147483647;
			files = (
				53C1CD7618E7E72E004B54DD /* CoreGraphics.framework in Frameworks */,
				53C1CD7818E7E72E004B54DD /* UIKit.framework in Frameworks */,
				53C1CD7418E7E72E004B54DD /* Foundation.framework in Frameworks */,
			);
			runOnlyForDeploymentPostprocessing = 0;
		};
		53C1CD8E18E7E72E004B54DD /* Frameworks */ = {
			isa = PBXFrameworksBuildPhase;
			buildActionMask = 2147483647;
			files = (
				53C1CD9318E7E72E004B54DD /* XCTest.framework in Frameworks */,
				53C1CD9518E7E72E004B54DD /* UIKit.framework in Frameworks */,
				53C1CD9418E7E72E004B54DD /* Foundation.framework in Frameworks */,
			);
			runOnlyForDeploymentPostprocessing = 0;
		};
/* End PBXFrameworksBuildPhase section */

/* Begin PBXGroup section */
		53C1CD6718E7E72E004B54DD = {
			isa = PBXGroup;
			children = (
				53C1CDF218E91D30004B54DD /* CSClass.h */,
				53C1CDF318E91D30004B54DD /* CSClass.m */,
				53C1CD7918E7E72E004B54DD /* RECocoaSass */,
				53C1CD9818E7E72E004B54DD /* RECocoaSassTests */,
				53C1CD7218E7E72E004B54DD /* Frameworks */,
				53C1CD7118E7E72E004B54DD /* Products */,
			);
			sourceTree = "<group>";
		};
		53C1CD7118E7E72E004B54DD /* Products */ = {
			isa = PBXGroup;
			children = (
				53C1CD7018E7E72E004B54DD /* RECocoaSass.app */,
				53C1CD9118E7E72E004B54DD /* RECocoaSassTests.xctest */,
			);
			name = Products;
			sourceTree = "<group>";
		};
		53C1CD7218E7E72E004B54DD /* Frameworks */ = {
			isa = PBXGroup;
			children = (
				53C1CD7318E7E72E004B54DD /* Foundation.framework */,
				53C1CD7518E7E72E004B54DD /* CoreGraphics.framework */,
				53C1CD7718E7E72E004B54DD /* UIKit.framework */,
				53C1CD9218E7E72E004B54DD /* XCTest.framework */,
			);
			name = Frameworks;
			sourceTree = "<group>";
		};
		53C1CD7918E7E72E004B54DD /* RECocoaSass */ = {
			isa = PBXGroup;
			children = (
				53C1CD8218E7E72E004B54DD /* REAppDelegate.h */,
				53C1CD8318E7E72E004B54DD /* REAppDelegate.m */,
				53C1CD8518E7E72E004B54DD /* Main.storyboard */,
				53C1CDF518E91DC0004B54DD /* UILabel+RECocoaSass.h */,
				53C1CDF618E91DC0004B54DD /* UILabel+RECocoaSass.m */,
				53C1CD8818E7E72E004B54DD /* REViewController.h */,
				53C1CD8918E7E72E004B54DD /* REViewController.m */,
				53C1CD8B18E7E72E004B54DD /* Images.xcassets */,
				53C1CD7A18E7E72E004B54DD /* Supporting Files */,
			);
			path = RECocoaSass;
			sourceTree = "<group>";
		};
		53C1CD7A18E7E72E004B54DD /* Supporting Files */ = {
			isa = PBXGroup;
			children = (
				53C1CD7B18E7E72E004B54DD /* RECocoaSass-Info.plist */,
				53C1CD7C18E7E72E004B54DD /* InfoPlist.strings */,
				53C1CD7F18E7E72E004B54DD /* main.m */,
				53C1CD8118E7E72E004B54DD /* RECocoaSass-Prefix.pch */,
			);
			name = "Supporting Files";
			sourceTree = "<group>";
		};
		53C1CD9818E7E72E004B54DD /* RECocoaSassTests */ = {
			isa = PBXGroup;
			children = (
				53C1CD9E18E7E72E004B54DD /* RECocoaSassTests.m */,
				53C1CD9918E7E72E004B54DD /* Supporting Files */,
			);
			path = RECocoaSassTests;
			sourceTree = "<group>";
		};
		53C1CD9918E7E72E004B54DD /* Supporting Files */ = {
			isa = PBXGroup;
			children = (
				53C1CD9A18E7E72E004B54DD /* RECocoaSassTests-Info.plist */,
				53C1CD9B18E7E72E004B54DD /* InfoPlist.strings */,
			);
			name = "Supporting Files";
			sourceTree = "<group>";
		};
/* End PBXGroup section */

/* Begin PBXNativeTarget section */
		53C1CD6F18E7E72E004B54DD /* RECocoaSass */ = {
			isa = PBXNativeTarget;
			buildConfigurationList = 53C1CDA218E7E72E004B54DD /* Build configuration list for PBXNativeTarget "RECocoaSass" */;
			buildPhases = (
				53C1CD6C18E7E72E004B54DD /* Sources */,
				53C1CD6D18E7E72E004B54DD /* Frameworks */,
				53C1CD6E18E7E72E004B54DD /* Resources */,
			);
			buildRules = (
			);
			dependencies = (
			);
			name = RECocoaSass;
			productName = RECocoaSass;
			productReference = 53C1CD7018E7E72E004B54DD /* RECocoaSass.app */;
			productType = "com.apple.product-type.application";
		};
		53C1CD9018E7E72E004B54DD /* RECocoaSassTests */ = {
			isa = PBXNativeTarget;
			buildConfigurationList = 53C1CDA518E7E72E004B54DD /* Build configuration list for PBXNativeTarget "RECocoaSassTests" */;
			buildPhases = (
				53C1CD8D18E7E72E004B54DD /* Sources */,
				53C1CD8E18E7E72E004B54DD /* Frameworks */,
				53C1CD8F18E7E72E004B54DD /* Resources */,
			);
			buildRules = (
			);
			dependencies = (
				53C1CD9718E7E72E004B54DD /* PBXTargetDependency */,
			);
			name = RECocoaSassTests;
			productName = RECocoaSassTests;
			productReference = 53C1CD9118E7E72E004B54DD /* RECocoaSassTests.xctest */;
			productType = "com.apple.product-type.bundle.unit-test";
		};
/* End PBXNativeTarget section */

/* Begin PBXProject section */
		53C1CD6818E7E72E004B54DD /* Project object */ = {
			isa = PBXProject;
			attributes = {
				CLASSPREFIX = RE;
				LastUpgradeCheck = 0510;
				ORGANIZATIONNAME = rafaecheve;
				TargetAttributes = {
					53C1CD9018E7E72E004B54DD = {
						TestTargetID = 53C1CD6F18E7E72E004B54DD;
					};
				};
			};
			buildConfigurationList = 53C1CD6B18E7E72E004B54DD /* Build configuration list for PBXProject "RECocoaSass" */;
			compatibilityVersion = "Xcode 3.2";
			developmentRegion = English;
			hasScannedForEncodings = 0;
			knownRegions = (
				en,
				Base,
			);
			mainGroup = 53C1CD6718E7E72E004B54DD;
			productRefGroup = 53C1CD7118E7E72E004B54DD /* Products */;
			projectDirPath = "";
			projectRoot = "";
			targets = (
				53C1CD6F18E7E72E004B54DD /* RECocoaSass */,
				53C1CD9018E7E72E004B54DD /* RECocoaSassTests */,
			);
		};
/* End PBXProject section */

/* Begin PBXResourcesBuildPhase section */
		53C1CD6E18E7E72E004B54DD /* Resources */ = {
			isa = PBXResourcesBuildPhase;
			buildActionMask = 2147483647;
			files = (
				53C1CD8C18E7E72E004B54DD /* Images.xcassets in Resources */,
				53C1CD7E18E7E72E004B54DD /* InfoPlist.strings in Resources */,
				53C1CD8718E7E72E004B54DD /* Main.storyboard in Resources */,
			);
			runOnlyForDeploymentPostprocessing = 0;
		};
		53C1CD8F18E7E72E004B54DD /* Resources */ = {
			isa = PBXResourcesBuildPhase;
			buildActionMask = 2147483647;
			files = (
				53C1CD9D18E7E72E004B54DD /* InfoPlist.strings in Resources */,
			);
			runOnlyForDeploymentPostprocessing = 0;
		};
/* End PBXResourcesBuildPhase section */

/* Begin PBXSourcesBuildPhase section */
		53C1CD6C18E7E72E004B54DD /* Sources */ = {
			isa = PBXSourcesBuildPhase;
			buildActionMask = 2147483647;
			files = (
				53C1CDF418E91D30004B54DD /* CSClass.m in Sources */,
				53C1CD8018E7E72E004B54DD /* main.m in Sources */,
				53C1CD8418E7E72E004B54DD /* REAppDelegate.m in Sources */,
				53C1CD8A18E7E72E004B54DD /* REViewController.m in Sources */,
				53C1CDF718E91DC0004B54DD /* UILabel+RECocoaSass.m in Sources */,
			);
			runOnlyForDeploymentPostprocessing = 0;
		};
		53C1CD8D18E7E72E004B54DD /* Sources */ = {
			isa = PBXSourcesBuildPhase;
			buildActionMask = 2147483647;
			files = (
				53C1CD9F18E7E72E004B54DD /* RECocoaSassTests.m in Sources */,
			);
			runOnlyForDeploymentPostprocessing = 0;
		};
/* End PBXSourcesBuildPhase section */

/* Begin PBXTargetDependency section */
		53C1CD9718E7E72E004B54DD /* PBXTargetDependency */ = {
			isa = PBXTargetDependency;
			target = 53C1CD6F18E7E72E004B54DD /* RECocoaSass */;
			targetProxy = 53C1CD9618E7E72E004B54DD /* PBXContainerItemProxy */;
		};
/* End PBXTargetDependency section */

/* Begin PBXVariantGroup section */
		53C1CD7C18E7E72E004B54DD /* InfoPlist.strings */ = {
			isa = PBXVariantGroup;
			children = (
				53C1CD7D18E7E72E004B54DD /* en */,
			);
			name = InfoPlist.strings;
			sourceTree = "<group>";
		};
		53C1CD8518E7E72E004B54DD /* Main.storyboard */ = {
			isa = PBXVariantGroup;
			children = (
				53C1CD8618E7E72E004B54DD /* Base */,
			);
			name = Main.storyboard;
			sourceTree = "<group>";
		};
		53C1CD9B18E7E72E004B54DD /* InfoPlist.strings */ = {
			isa = PBXVariantGroup;
			children = (
				53C1CD9C18E7E72E004B54DD /* en */,
			);
			name = InfoPlist.strings;
			sourceTree = "<group>";
		};
/* End PBXVariantGroup section */

/* Begin XCBuildConfiguration section */
		53C1CDA018E7E72E004B54DD /* Debug */ = {
			isa = XCBuildConfiguration;
			buildSettings = {
				ALWAYS_SEARCH_USER_PATHS = NO;
				CLANG_CXX_LANGUAGE_STANDARD = "gnu++0x";
				CLANG_CXX_LIBRARY = "libc++";
				CLANG_ENABLE_MODULES = YES;
				CLANG_ENABLE_OBJC_ARC = YES;
				CLANG_WARN_BOOL_CONVERSION = YES;
				CLANG_WARN_CONSTANT_CONVERSION = YES;
				CLANG_WARN_DIRECT_OBJC_ISA_USAGE = YES_ERROR;
				CLANG_WARN_EMPTY_BODY = YES;
				CLANG_WARN_ENUM_CONVERSION = YES;
				CLANG_WARN_INT_CONVERSION = YES;
				CLANG_WARN_OBJC_ROOT_CLASS = YES_ERROR;
				CLANG_WARN__DUPLICATE_METHOD_MATCH = YES;
				"CODE_SIGN_IDENTITY[sdk=iphoneos*]" = "iPhone Developer";
				COPY_PHASE_STRIP = NO;
				GCC_C_LANGUAGE_STANDARD = gnu99;
				GCC_DYNAMIC_NO_PIC = NO;
				GCC_OPTIMIZATION_LEVEL = 0;
				GCC_PREPROCESSOR_DEFINITIONS = (
					"DEBUG=1",
					"$(inherited)",
				);
				GCC_SYMBOLS_PRIVATE_EXTERN = NO;
				GCC_WARN_64_TO_32_BIT_CONVERSION = YES;
				GCC_WARN_ABOUT_RETURN_TYPE = YES_ERROR;
				GCC_WARN_UNDECLARED_SELECTOR = YES;
				GCC_WARN_UNINITIALIZED_AUTOS = YES_AGGRESSIVE;
				GCC_WARN_UNUSED_FUNCTION = YES;
				GCC_WARN_UNUSED_VARIABLE = YES;
				IPHONEOS_DEPLOYMENT_TARGET = 7.1;
				ONLY_ACTIVE_ARCH = YES;
				SDKROOT = iphoneos;
			};
			name = Debug;
		};
		53C1CDA118E7E72E004B54DD /* Release */ = {
			isa = XCBuildConfiguration;
			buildSettings = {
				ALWAYS_SEARCH_USER_PATHS = NO;
				CLANG_CXX_LANGUAGE_STANDARD = "gnu++0x";
				CLANG_CXX_LIBRARY = "libc++";
				CLANG_ENABLE_MODULES = YES;
				CLANG_ENABLE_OBJC_ARC = YES;
				CLANG_WARN_BOOL_CONVERSION = YES;
				CLANG_WARN_CONSTANT_CONVERSION = YES;
				CLANG_WARN_DIRECT_OBJC_ISA_USAGE = YES_ERROR;
				CLANG_WARN_EMPTY_BODY = YES;
				CLANG_WARN_ENUM_CONVERSION = YES;
				CLANG_WARN_INT_CONVERSION = YES;
				CLANG_WARN_OBJC_ROOT_CLASS = YES_ERROR;
				CLANG_WARN__DUPLICATE_METHOD_MATCH = YES;
				"CODE_SIGN_IDENTITY[sdk=iphoneos*]" = "iPhone Developer";
				COPY_PHASE_STRIP = YES;
				ENABLE_NS_ASSERTIONS = NO;
				GCC_C_LANGUAGE_STANDARD = gnu99;
				GCC_WARN_64_TO_32_BIT_CONVERSION = YES;
				GCC_WARN_ABOUT_RETURN_TYPE = YES_ERROR;
				GCC_WARN_UNDECLARED_SELECTOR = YES;
				GCC_WARN_UNINITIALIZED_AUTOS = YES_AGGRESSIVE;
				GCC_WARN_UNUSED_FUNCTION = YES;
				GCC_WARN_UNUSED_VARIABLE = YES;
				IPHONEOS_DEPLOYMENT_TARGET = 7.1;
				SDKROOT = iphoneos;
				VALIDATE_PRODUCT = YES;
			};
			name = Release;
		};
		53C1CDA318E7E72E004B54DD /* Debug */ = {
			isa = XCBuildConfiguration;
			buildSettings = {
				ASSETCATALOG_COMPILER_APPICON_NAME = AppIcon;
				ASSETCATALOG_COMPILER_LAUNCHIMAGE_NAME = LaunchImage;
				GCC_PRECOMPILE_PREFIX_HEADER = YES;
				GCC_PREFIX_HEADER = "RECocoaSass/RECocoaSass-Prefix.pch";
				INFOPLIST_FILE = "RECocoaSass/RECocoaSass-Info.plist";
				PRODUCT_NAME = "$(TARGET_NAME)";
				WRAPPER_EXTENSION = app;
			};
			name = Debug;
		};
		53C1CDA418E7E72E004B54DD /* Release */ = {
			isa = XCBuildConfiguration;
			buildSettings = {
				ASSETCATALOG_COMPILER_APPICON_NAME = AppIcon;
				ASSETCATALOG_COMPILER_LAUNCHIMAGE_NAME = LaunchImage;
				GCC_PRECOMPILE_PREFIX_HEADER = YES;
				GCC_PREFIX_HEADER = "RECocoaSass/RECocoaSass-Prefix.pch";
				INFOPLIST_FILE = "RECocoaSass/RECocoaSass-Info.plist";
				PRODUCT_NAME = "$(TARGET_NAME)";
				WRAPPER_EXTENSION = app;
			};
			name = Release;
		};
		53C1CDA618E7E72E004B54DD /* Debug */ = {
			isa = XCBuildConfiguration;
			buildSettings = {
				BUNDLE_LOADER = "$(BUILT_PRODUCTS_DIR)/RECocoaSass.app/RECocoaSass";
				FRAMEWORK_SEARCH_PATHS = (
					"$(SDKROOT)/Developer/Library/Frameworks",
					"$(inherited)",
					"$(DEVELOPER_FRAMEWORKS_DIR)",
				);
				GCC_PRECOMPILE_PREFIX_HEADER = YES;
				GCC_PREFIX_HEADER = "RECocoaSass/RECocoaSass-Prefix.pch";
				GCC_PREPROCESSOR_DEFINITIONS = (
					"DEBUG=1",
					"$(inherited)",
				);
				INFOPLIST_FILE = "RECocoaSassTests/RECocoaSassTests-Info.plist";
				PRODUCT_NAME = "$(TARGET_NAME)";
				TEST_HOST = "$(BUNDLE_LOADER)";
				WRAPPER_EXTENSION = xctest;
			};
			name = Debug;
		};
		53C1CDA718E7E72E004B54DD /* Release */ = {
			isa = XCBuildConfiguration;
			buildSettings = {
				BUNDLE_LOADER = "$(BUILT_PRODUCTS_DIR)/RECocoaSass.app/RECocoaSass";
				FRAMEWORK_SEARCH_PATHS = (
					"$(SDKROOT)/Developer/Library/Frameworks",
					"$(inherited)",
					"$(DEVELOPER_FRAMEWORKS_DIR)",
				);
				GCC_PRECOMPILE_PREFIX_HEADER = YES;
				GCC_PREFIX_HEADER = "RECocoaSass/RECocoaSass-Prefix.pch";
				INFOPLIST_FILE = "RECocoaSassTests/RECocoaSassTests-Info.plist";
				PRODUCT_NAME = "$(TARGET_NAME)";
				TEST_HOST = "$(BUNDLE_LOADER)";
				WRAPPER_EXTENSION = xctest;
			};
			name = Release;
		};
/* End XCBuildConfiguration section */

/* Begin XCConfigurationList section */
		53C1CD6B18E7E72E004B54DD /* Build configuration list for PBXProject "RECocoaSass" */ = {
			isa = XCConfigurationList;
			buildConfigurations = (
				53C1CDA018E7E72E004B54DD /* Debug */,
				53C1CDA118E7E72E004B54DD /* Release */,
			);
			defaultConfigurationIsVisible = 0;
			defaultConfigurationName = Release;
		};
		53C1CDA218E7E72E004B54DD /* Build configuration list for PBXNativeTarget "RECocoaSass" */ = {
			isa = XCConfigurationList;
			buildConfigurations = (
				53C1CDA318E7E72E004B54DD /* Debug */,
				53C1CDA418E7E72E004B54DD /* Release */,
			);
			defaultConfigurationIsVisible = 0;
			defaultConfigurationName = Release;
		};
		53C1CDA518E7E72E004B54DD /* Build configuration list for PBXNativeTarget "RECocoaSassTests" */ = {
			isa = XCConfigurationList;
			buildConfigurations = (
				53C1CDA618E7E72E004B54DD /* Debug */,
				53C1CDA718E7E72E004B54DD /* Release */,
			);
			defaultConfigurationIsVisible = 0;
			defaultConfigurationName = Release;
		};
/* End XCConfigurationList section */
	};
	rootObject = 53C1CD6818E7E72E004B54DD /* Project object */;
}
